# This file is automatically @generated by Cargo.
# It is not intended for manual editing.
version = 4

[[package]]
name = "heapq"
version = "0.1.0"
source = "git+https://github.com/ttappr/heapq.git#5447c17c703888ed21767e2c92897b58b435bce5"

[[package]]
name = "huffman"
version = "0.1.0"
dependencies = [
 "heapq",
]
